<?xml version="1.0" encoding="utf-8"?>
<Project ToolsVersion="4.0" xmlns="http://schemas.microsoft.com/developer/msbuild/2003">
  <ItemGroup>
    <ClCompile Include="ShadowsAndGold.cpp" />
    <ClCompile Include="Level.cpp" />
  </ItemGroup>
  <ItemGroup>
    <None Include="ReadMe.txt" />
  </ItemGroup>
  <ItemGroup>
    <Filter Include="Media">
      <UniqueIdentifier>{c5fe6c0c-06f1-441a-8864-5d8a087b0d3a}</UniqueIdentifier>
    </Filter>
  </ItemGroup>
  <ItemGroup>
    <ClInclude Include="Level.h" />
    <ClInclude Include="Definitions.h" />
  </ItemGroup>
</Project>